// !$*UTF8*$!
{
	archiveVersion = 1;
	classes = {
	};
	objectVersion = 56;
	objects = {

/* Begin PBXBuildFile section */
		6249D82D2B680071006B2D50 /* AppDelegate.m in Sources */ = {isa = PBXBuildFile; fileRef = 6249D82C2B680071006B2D50 /* AppDelegate.m */; };
		6249D8302B680071006B2D50 /* SceneDelegate.m in Sources */ = {isa = PBXBuildFile; fileRef = 6249D82F2B680071006B2D50 /* SceneDelegate.m */; };
		6249D8332B680071006B2D50 /* ViewController.m in Sources */ = {isa = PBXBuildFile; fileRef = 6249D8322B680071006B2D50 /* ViewController.m */; };
		6249D8382B680072006B2D50 /* Assets.xcassets in Resources */ = {isa = PBXBuildFile; fileRef = 6249D8372B680072006B2D50 /* Assets.xcassets */; };
		6249D83B2B680072006B2D50 /* LaunchScreen.storyboard in Resources */ = {isa = PBXBuildFile; fileRef = 6249D8392B680072006B2D50 /* LaunchScreen.storyboard */; };
		6249D83E2B680072006B2D50 /* main.m in Sources */ = {isa = PBXBuildFile; fileRef = 6249D83D2B680072006B2D50 /* main.m */; };
		6249D8462B68020E006B2D50 /* SaveRobotViewController.m in Sources */ = {isa = PBXBuildFile; fileRef = 6249D8452B68020E006B2D50 /* SaveRobotViewController.m */; };
		6249D84F2B680323006B2D50 /* LoadRobotViewController.m in Sources */ = {isa = PBXBuildFile; fileRef = 6249D84E2B680323006B2D50 /* LoadRobotViewController.m */; };
		6249D8522B6807B0006B2D50 /* Robot.m in Sources */ = {isa = PBXBuildFile; fileRef = 6249D8512B6807B0006B2D50 /* Robot.m */; };
		6249D8562B68082E006B2D50 /* Coordinates.m in Sources */ = {isa = PBXBuildFile; fileRef = 6249D8552B68082E006B2D50 /* Coordinates.m */; };
		6249D85B2B681BC8006B2D50 /* UserDefaultsStorage.m in Sources */ = {isa = PBXBuildFile; fileRef = 6249D85A2B681BC8006B2D50 /* UserDefaultsStorage.m */; };
		6249D85E2B68B77B006B2D50 /* FileStorage.m in Sources */ = {isa = PBXBuildFile; fileRef = 6249D85D2B68B77B006B2D50 /* FileStorage.m */; };
/* End PBXBuildFile section */

/* Begin PBXFileReference section */
		6249D8282B680071006B2D50 /* homework06.app */ = {isa = PBXFileReference; explicitFileType = wrapper.application; includeInIndex = 0; path = homework06.app; sourceTree = BUILT_PRODUCTS_DIR; };
		6249D82B2B680071006B2D50 /* AppDelegate.h */ = {isa = PBXFileReference; lastKnownFileType = sourcecode.c.h; path = AppDelegate.h; sourceTree = "<group>"; };
		6249D82C2B680071006B2D50 /* AppDelegate.m */ = {isa = PBXFileReference; lastKnownFileType = sourcecode.c.objc; path = AppDelegate.m; sourceTree = "<group>"; };
		6249D82E2B680071006B2D50 /* SceneDelegate.h */ = {isa = PBXFileReference; lastKnownFileType = sourcecode.c.h; path = SceneDelegate.h; sourceTree = "<group>"; };
		6249D82F2B680071006B2D50 /* SceneDelegate.m */ = {isa = PBXFileReference; lastKnownFileType = sourcecode.c.objc; path = SceneDelegate.m; sourceTree = "<group>"; };
		6249D8312B680071006B2D50 /* ViewController.h */ = {isa = PBXFileReference; lastKnownFileType = sourcecode.c.h; path = ViewController.h; sourceTree = "<group>"; };
		6249D8322B680071006B2D50 /* ViewController.m */ = {isa = PBXFileReference; lastKnownFileType = sourcecode.c.objc; path = ViewController.m; sourceTree = "<group>"; };
		6249D8372B680072006B2D50 /* Assets.xcassets */ = {isa = PBXFileReference; lastKnownFileType = folder.assetcatalog; path = Assets.xcassets; sourceTree = "<group>"; };
		6249D83A2B680072006B2D50 /* Base */ = {isa = PBXFileReference; lastKnownFileType = file.storyboard; name = Base; path = Base.lproj/LaunchScreen.storyboard; sourceTree = "<group>"; };
		6249D83C2B680072006B2D50 /* Info.plist */ = {isa = PBXFileReference; lastKnownFileType = text.plist.xml; path = Info.plist; sourceTree = "<group>"; };
		6249D83D2B680072006B2D50 /* main.m */ = {isa = PBXFileReference; lastKnownFileType = sourcecode.c.objc; path = main.m; sourceTree = "<group>"; };
		6249D8442B68020E006B2D50 /* SaveRobotViewController.h */ = {isa = PBXFileReference; lastKnownFileType = sourcecode.c.h; path = SaveRobotViewController.h; sourceTree = "<group>"; };
		6249D8452B68020E006B2D50 /* SaveRobotViewController.m */ = {isa = PBXFileReference; lastKnownFileType = sourcecode.c.objc; path = SaveRobotViewController.m; sourceTree = "<group>"; };
		6249D84D2B680323006B2D50 /* LoadRobotViewController.h */ = {isa = PBXFileReference; lastKnownFileType = sourcecode.c.h; path = LoadRobotViewController.h; sourceTree = "<group>"; };
		6249D84E2B680323006B2D50 /* LoadRobotViewController.m */ = {isa = PBXFileReference; lastKnownFileType = sourcecode.c.objc; path = LoadRobotViewController.m; sourceTree = "<group>"; };
		6249D8502B6807B0006B2D50 /* Robot.h */ = {isa = PBXFileReference; lastKnownFileType = sourcecode.c.h; path = Robot.h; sourceTree = "<group>"; };
		6249D8512B6807B0006B2D50 /* Robot.m */ = {isa = PBXFileReference; lastKnownFileType = sourcecode.c.objc; path = Robot.m; sourceTree = "<group>"; };
		6249D8542B68082D006B2D50 /* Coordinates.h */ = {isa = PBXFileReference; lastKnownFileType = sourcecode.c.h; path = Coordinates.h; sourceTree = "<group>"; };
		6249D8552B68082E006B2D50 /* Coordinates.m */ = {isa = PBXFileReference; lastKnownFileType = sourcecode.c.objc; path = Coordinates.m; sourceTree = "<group>"; };
		6249D8582B681AD7006B2D50 /* StorageProtocol.h */ = {isa = PBXFileReference; lastKnownFileType = sourcecode.c.h; path = StorageProtocol.h; sourceTree = "<group>"; };
		6249D8592B681BC8006B2D50 /* UserDefaultsStorage.h */ = {isa = PBXFileReference; lastKnownFileType = sourcecode.c.h; path = UserDefaultsStorage.h; sourceTree = "<group>"; };
		6249D85A2B681BC8006B2D50 /* UserDefaultsStorage.m */ = {isa = PBXFileReference; lastKnownFileType = sourcecode.c.objc; path = UserDefaultsStorage.m; sourceTree = "<group>"; };
		6249D85C2B68B77B006B2D50 /* FileStorage.h */ = {isa = PBXFileReference; lastKnownFileType = sourcecode.c.h; path = FileStorage.h; sourceTree = "<group>"; };
		6249D85D2B68B77B006B2D50 /* FileStorage.m */ = {isa = PBXFileReference; lastKnownFileType = sourcecode.c.objc; path = FileStorage.m; sourceTree = "<group>"; };
/* End PBXFileReference section */

/* Begin PBXFrameworksBuildPhase section */
		6249D8252B680071006B2D50 /* Frameworks */ = {
			isa = PBXFrameworksBuildPhase;
			buildActionMask = 2147483647;
			files = (
			);
			runOnlyForDeploymentPostprocessing = 0;
		};
/* End PBXFrameworksBuildPhase section */

/* Begin PBXGroup section */
		6249D81F2B680071006B2D50 = {
			isa = PBXGroup;
			children = (
				6249D82A2B680071006B2D50 /* homework06 */,
				6249D8292B680071006B2D50 /* Products */,
			);
			sourceTree = "<group>";
		};
		6249D8292B680071006B2D50 /* Products */ = {
			isa = PBXGroup;
			children = (
				6249D8282B680071006B2D50 /* homework06.app */,
			);
			name = Products;
			sourceTree = "<group>";
		};
		6249D82A2B680071006B2D50 /* homework06 */ = {
			isa = PBXGroup;
			children = (
				6249D82B2B680071006B2D50 /* AppDelegate.h */,
				6249D82C2B680071006B2D50 /* AppDelegate.m */,
				6249D82E2B680071006B2D50 /* SceneDelegate.h */,
				6249D82F2B680071006B2D50 /* SceneDelegate.m */,
				6249D8372B680072006B2D50 /* Assets.xcassets */,
				6249D8392B680072006B2D50 /* LaunchScreen.storyboard */,
				6249D83C2B680072006B2D50 /* Info.plist */,
				6249D83D2B680072006B2D50 /* main.m */,
				6249D8532B6807BF006B2D50 /* ViewControllers */,
				6249D8572B681A51006B2D50 /* Storage */,
				6249D8502B6807B0006B2D50 /* Robot.h */,
				6249D8512B6807B0006B2D50 /* Robot.m */,
				6249D8542B68082D006B2D50 /* Coordinates.h */,
				6249D8552B68082E006B2D50 /* Coordinates.m */,
			);
			path = homework06;
			sourceTree = "<group>";
		};
		6249D8532B6807BF006B2D50 /* ViewControllers */ = {
			isa = PBXGroup;
			children = (
				6249D8312B680071006B2D50 /* ViewController.h */,
				6249D8322B680071006B2D50 /* ViewController.m */,
				6249D8442B68020E006B2D50 /* SaveRobotViewController.h */,
				6249D8452B68020E006B2D50 /* SaveRobotViewController.m */,
				6249D84D2B680323006B2D50 /* LoadRobotViewController.h */,
				6249D84E2B680323006B2D50 /* LoadRobotViewController.m */,
			);
			path = ViewControllers;
			sourceTree = "<group>";
		};
		6249D8572B681A51006B2D50 /* Storage */ = {
			isa = PBXGroup;
			children = (
				6249D8582B681AD7006B2D50 /* StorageProtocol.h */,
				6249D85C2B68B77B006B2D50 /* FileStorage.h */,
				6249D85D2B68B77B006B2D50 /* FileStorage.m */,
				6249D8592B681BC8006B2D50 /* UserDefaultsStorage.h */,
				6249D85A2B681BC8006B2D50 /* UserDefaultsStorage.m */,
			);
			path = Storage;
			sourceTree = "<group>";
		};
/* End PBXGroup section */

/* Begin PBXNativeTarget section */
		6249D8272B680071006B2D50 /* homework06 */ = {
			isa = PBXNativeTarget;
			buildConfigurationList = 6249D8412B680072006B2D50 /* Build configuration list for PBXNativeTarget "homework06" */;
			buildPhases = (
				6249D8242B680071006B2D50 /* Sources */,
				6249D8252B680071006B2D50 /* Frameworks */,
				6249D8262B680071006B2D50 /* Resources */,
			);
			buildRules = (
			);
			dependencies = (
			);
			name = homework06;
			productName = homework06;
			productReference = 6249D8282B680071006B2D50 /* homework06.app */;
			productType = "com.apple.product-type.application";
		};
/* End PBXNativeTarget section */

/* Begin PBXProject section */
		6249D8202B680071006B2D50 /* Project object */ = {
			isa = PBXProject;
			attributes = {
				BuildIndependentTargetsInParallel = 1;
				LastUpgradeCheck = 1500;
				TargetAttributes = {
					6249D8272B680071006B2D50 = {
						CreatedOnToolsVersion = 15.0;
					};
				};
			};
			buildConfigurationList = 6249D8232B680071006B2D50 /* Build configuration list for PBXProject "homework06" */;
			compatibilityVersion = "Xcode 14.0";
			developmentRegion = en;
			hasScannedForEncodings = 0;
			knownRegions = (
				en,
				Base,
			);
			mainGroup = 6249D81F2B680071006B2D50;
			productRefGroup = 6249D8292B680071006B2D50 /* Products */;
			projectDirPath = "";
			projectRoot = "";
			targets = (
				6249D8272B680071006B2D50 /* homework06 */,
			);
		};
/* End PBXProject section */

/* Begin PBXResourcesBuildPhase section */
		6249D8262B680071006B2D50 /* Resources */ = {
			isa = PBXResourcesBuildPhase;
			buildActionMask = 2147483647;
			files = (
				6249D83B2B680072006B2D50 /* LaunchScreen.storyboard in Resources */,
				6249D8382B680072006B2D50 /* Assets.xcassets in Resources */,
			);
			runOnlyForDeploymentPostprocessing = 0;
		};
/* End PBXResourcesBuildPhase section */

/* Begin PBXSourcesBuildPhase section */
		6249D8242B680071006B2D50 /* Sources */ = {
			isa = PBXSourcesBuildPhase;
			buildActionMask = 2147483647;
			files = (
				6249D8332B680071006B2D50 /* ViewController.m in Sources */,
				6249D8462B68020E006B2D50 /* SaveRobotViewController.m in Sources */,
				6249D82D2B680071006B2D50 /* AppDelegate.m in Sources */,
				6249D85E2B68B77B006B2D50 /* FileStorage.m in Sources */,
				6249D8562B68082E006B2D50 /* Coordinates.m in Sources */,
				6249D85B2B681BC8006B2D50 /* UserDefaultsStorage.m in Sources */,
				6249D8522B6807B0006B2D50 /* Robot.m in Sources */,
				6249D84F2B680323006B2D50 /* LoadRobotViewController.m in Sources */,
				6249D83E2B680072006B2D50 /* main.m in Sources */,
				6249D8302B680071006B2D50 /* SceneDelegate.m in Sources */,
			);
			runOnlyForDeploymentPostprocessing = 0;
		};
/* End PBXSourcesBuildPhase section */

/* Begin PBXVariantGroup section */
		6249D8392B680072006B2D50 /* LaunchScreen.storyboard */ = {
			isa = PBXVariantGroup;
			children = (
				6249D83A2B680072006B2D50 /* Base */,
			);
			name = LaunchScreen.storyboard;
			sourceTree = "<group>";
		};
/* End PBXVariantGroup section */

/* Begin XCBuildConfiguration section */
		6249D83F2B680072006B2D50 /* Debug */ = {
			isa = XCBuildConfiguration;
			buildSettings = {
				ALWAYS_SEARCH_USER_PATHS = NO;
				ASSETCATALOG_COMPILER_GENERATE_SWIFT_ASSET_SYMBOL_EXTENSIONS = YES;
				CLANG_ANALYZER_NONNULL = YES;
				CLANG_ANALYZER_NUMBER_OBJECT_CONVERSION = YES_AGGRESSIVE;
				CLANG_CXX_LANGUAGE_STANDARD = "gnu++20";
				CLANG_ENABLE_MODULES = YES;
				CLANG_ENABLE_OBJC_ARC = YES;
				CLANG_ENABLE_OBJC_WEAK = YES;
				CLANG_WARN_BLOCK_CAPTURE_AUTORELEASING = YES;
				CLANG_WARN_BOOL_CONVERSION = YES;
				CLANG_WARN_COMMA = YES;
				CLANG_WARN_CONSTANT_CONVERSION = YES;
				CLANG_WARN_DEPRECATED_OBJC_IMPLEMENTATIONS = YES;
				CLANG_WARN_DIRECT_OBJC_ISA_USAGE = YES_ERROR;
				CLANG_WARN_DOCUMENTATION_COMMENTS = YES;
				CLANG_WARN_EMPTY_BODY = YES;
				CLANG_WARN_ENUM_CONVERSION = YES;
				CLANG_WARN_INFINITE_RECURSION = YES;
				CLANG_WARN_INT_CONVERSION = YES;
				CLANG_WARN_NON_LITERAL_NULL_CONVERSION = YES;
				CLANG_WARN_OBJC_IMPLICIT_RETAIN_SELF = YES;
				CLANG_WARN_OBJC_LITERAL_CONVERSION = YES;
				CLANG_WARN_OBJC_ROOT_CLASS = YES_ERROR;
				CLANG_WARN_QUOTED_INCLUDE_IN_FRAMEWORK_HEADER = YES;
				CLANG_WARN_RANGE_LOOP_ANALYSIS = YES;
				CLANG_WARN_STRICT_PROTOTYPES = YES;
				CLANG_WARN_SUSPICIOUS_MOVE = YES;
				CLANG_WARN_UNGUARDED_AVAILABILITY = YES_AGGRESSIVE;
				CLANG_WARN_UNREACHABLE_CODE = YES;
				CLANG_WARN__DUPLICATE_METHOD_MATCH = YES;
				COPY_PHASE_STRIP = NO;
				DEBUG_INFORMATION_FORMAT = dwarf;
				ENABLE_STRICT_OBJC_MSGSEND = YES;
				ENABLE_TESTABILITY = YES;
				ENABLE_USER_SCRIPT_SANDBOXING = YES;
				GCC_C_LANGUAGE_STANDARD = gnu17;
				GCC_DYNAMIC_NO_PIC = NO;
				GCC_NO_COMMON_BLOCKS = YES;
				GCC_OPTIMIZATION_LEVEL = 0;
				GCC_PREPROCESSOR_DEFINITIONS = (
					"DEBUG=1",
					"$(inherited)",
				);
				GCC_WARN_64_TO_32_BIT_CONVERSION = YES;
				GCC_WARN_ABOUT_RETURN_TYPE = YES_ERROR;
				GCC_WARN_UNDECLARED_SELECTOR = YES;
				GCC_WARN_UNINITIALIZED_AUTOS = YES_AGGRESSIVE;
				GCC_WARN_UNUSED_FUNCTION = YES;
				GCC_WARN_UNUSED_VARIABLE = YES;
				IPHONEOS_DEPLOYMENT_TARGET = 17.0;
				LOCALIZATION_PREFERS_STRING_CATALOGS = YES;
				MTL_ENABLE_DEBUG_INFO = INCLUDE_SOURCE;
				MTL_FAST_MATH = YES;
				ONLY_ACTIVE_ARCH = YES;
				SDKROOT = iphoneos;
			};
			name = Debug;
		};
		6249D8402B680072006B2D50 /* Release */ = {
			isa = XCBuildConfiguration;
			buildSettings = {
				ALWAYS_SEARCH_USER_PATHS = NO;
				ASSETCATALOG_COMPILER_GENERATE_SWIFT_ASSET_SYMBOL_EXTENSIONS = YES;
				CLANG_ANALYZER_NONNULL = YES;
				CLANG_ANALYZER_NUMBER_OBJECT_CONVERSION = YES_AGGRESSIVE;
				CLANG_CXX_LANGUAGE_STANDARD = "gnu++20";
				CLANG_ENABLE_MODULES = YES;
				CLANG_ENABLE_OBJC_ARC = YES;
				CLANG_ENABLE_OBJC_WEAK = YES;
				CLANG_WARN_BLOCK_CAPTURE_AUTORELEASING = YES;
				CLANG_WARN_BOOL_CONVERSION = YES;
				CLANG_WARN_COMMA = YES;
				CLANG_WARN_CONSTANT_CONVERSION = YES;
				CLANG_WARN_DEPRECATED_OBJC_IMPLEMENTATIONS = YES;
				CLANG_WARN_DIRECT_OBJC_ISA_USAGE = YES_ERROR;
				CLANG_WARN_DOCUMENTATION_COMMENTS = YES;
				CLANG_WARN_EMPTY_BODY = YES;
				CLANG_WARN_ENUM_CONVERSION = YES;
				CLANG_WARN_INFINITE_RECURSION = YES;
				CLANG_WARN_INT_CONVERSION = YES;
				CLANG_WARN_NON_LITERAL_NULL_CONVERSION = YES;
				CLANG_WARN_OBJC_IMPLICIT_RETAIN_SELF = YES;
				CLANG_WARN_OBJC_LITERAL_CONVERSION = YES;
				CLANG_WARN_OBJC_ROOT_CLASS = YES_ERROR;
				CLANG_WARN_QUOTED_INCLUDE_IN_FRAMEWORK_HEADER = YES;
				CLANG_WARN_RANGE_LOOP_ANALYSIS = YES;
				CLANG_WARN_STRICT_PROTOTYPES = YES;
				CLANG_WARN_SUSPICIOUS_MOVE = YES;
				CLANG_WARN_UNGUARDED_AVAILABILITY = YES_AGGRESSIVE;
				CLANG_WARN_UNREACHABLE_CODE = YES;
				CLANG_WARN__DUPLICATE_METHOD_MATCH = YES;
				COPY_PHASE_STRIP = NO;
				DEBUG_INFORMATION_FORMAT = "dwarf-with-dsym";
				ENABLE_NS_ASSERTIONS = NO;
				ENABLE_STRICT_OBJC_MSGSEND = YES;
				ENABLE_USER_SCRIPT_SANDBOXING = YES;
				GCC_C_LANGUAGE_STANDARD = gnu17;
				GCC_NO_COMMON_BLOCKS = YES;
				GCC_WARN_64_TO_32_BIT_CONVERSION = YES;
				GCC_WARN_ABOUT_RETURN_TYPE = YES_ERROR;
				GCC_WARN_UNDECLARED_SELECTOR = YES;
				GCC_WARN_UNINITIALIZED_AUTOS = YES_AGGRESSIVE;
				GCC_WARN_UNUSED_FUNCTION = YES;
				GCC_WARN_UNUSED_VARIABLE = YES;
				IPHONEOS_DEPLOYMENT_TARGET = 17.0;
				LOCALIZATION_PREFERS_STRING_CATALOGS = YES;
				MTL_ENABLE_DEBUG_INFO = NO;
				MTL_FAST_MATH = YES;
				SDKROOT = iphoneos;
				VALIDATE_PRODUCT = YES;
			};
			name = Release;
		};
		6249D8422B680072006B2D50 /* Debug */ = {
			isa = XCBuildConfiguration;
			buildSettings = {
				ASSETCATALOG_COMPILER_APPICON_NAME = AppIcon;
				ASSETCATALOG_COMPILER_GLOBAL_ACCENT_COLOR_NAME = AccentColor;
				CODE_SIGN_STYLE = Automatic;
				CURRENT_PROJECT_VERSION = 1;
				DEVELOPMENT_TEAM = G8Q855R4YD;
				GENERATE_INFOPLIST_FILE = YES;
				INFOPLIST_FILE = homework06/Info.plist;
				INFOPLIST_KEY_UIApplicationSupportsIndirectInputEvents = YES;
				INFOPLIST_KEY_UILaunchStoryboardName = LaunchScreen;
				INFOPLIST_KEY_UISupportedInterfaceOrientations = UIInterfaceOrientationPortrait;
				INFOPLIST_KEY_UISupportedInterfaceOrientations_iPad = "UIInterfaceOrientationLandscapeLeft UIInterfaceOrientationLandscapeRight UIInterfaceOrientationPortrait UIInterfaceOrientationPortraitUpsideDown";
				LD_RUNPATH_SEARCH_PATHS = (
					"$(inherited)",
					"@executable_path/Frameworks",
				);
				MARKETING_VERSION = 1.0;
				PRODUCT_BUNDLE_IDENTIFIER = test.homework06;
				PRODUCT_NAME = "$(TARGET_NAME)";
				SUPPORTED_PLATFORMS = "iphoneos iphonesimulator";
				SUPPORTS_MACCATALYST = NO;
				SUPPORTS_MAC_DESIGNED_FOR_IPHONE_IPAD = NO;
				SWIFT_EMIT_LOC_STRINGS = YES;
				TARGETED_DEVICE_FAMILY = 1;
			};
			name = Debug;
		};
		6249D8432B680072006B2D50 /* Release */ = {
			isa = XCBuildConfiguration;
			buildSettings = {
				ASSETCATALOG_COMPILER_APPICON_NAME = AppIcon;
				ASSETCATALOG_COMPILER_GLOBAL_ACCENT_COLOR_NAME = AccentColor;
				CODE_SIGN_STYLE = Automatic;
				CURRENT_PROJECT_VERSION = 1;
				DEVELOPMENT_TEAM = G8Q855R4YD;
				GENERATE_INFOPLIST_FILE = YES;
				INFOPLIST_FILE = homework06/Info.plist;
				INFOPLIST_KEY_UIApplicationSupportsIndirectInputEvents = YES;
				INFOPLIST_KEY_UILaunchStoryboardName = LaunchScreen;
				INFOPLIST_KEY_UISupportedInterfaceOrientations = UIInterfaceOrientationPortrait;
				INFOPLIST_KEY_UISupportedInterfaceOrientations_iPad = "UIInterfaceOrientationLandscapeLeft UIInterfaceOrientationLandscapeRight UIInterfaceOrientationPortrait UIInterfaceOrientationPortraitUpsideDown";
				LD_RUNPATH_SEARCH_PATHS = (
					"$(inherited)",
					"@executable_path/Frameworks",
				);
				MARKETING_VERSION = 1.0;
				PRODUCT_BUNDLE_IDENTIFIER = test.homework06;
				PRODUCT_NAME = "$(TARGET_NAME)";
				SUPPORTED_PLATFORMS = "iphoneos iphonesimulator";
				SUPPORTS_MACCATALYST = NO;
				SUPPORTS_MAC_DESIGNED_FOR_IPHONE_IPAD = NO;
				SWIFT_EMIT_LOC_STRINGS = YES;
				TARGETED_DEVICE_FAMILY = 1;
			};
			name = Release;
		};
/* End XCBuildConfiguration section */

/* Begin XCConfigurationList section */
		6249D8232B680071006B2D50 /* Build configuration list for PBXProject "homework06" */ = {
			isa = XCConfigurationList;
			buildConfigurations = (
				6249D83F2B680072006B2D50 /* Debug */,
				6249D8402B680072006B2D50 /* Release */,
			);
			defaultConfigurationIsVisible = 0;
			defaultConfigurationName = Release;
		};
		6249D8412B680072006B2D50 /* Build configuration list for PBXNativeTarget "homework06" */ = {
			isa = XCConfigurationList;
			buildConfigurations = (
				6249D8422B680072006B2D50 /* Debug */,
				6249D8432B680072006B2D50 /* Release */,
			);
			defaultConfigurationIsVisible = 0;
			defaultConfigurationName = Release;
		};
/* End XCConfigurationList section */
	};
	rootObject = 6249D8202B680071006B2D50 /* Project object */;
}
